// !$*UTF8*$!
{
	archiveVersion = 1;
	classes = {
	};
	objectVersion = 51;
	objects = {

/* Begin PBXBuildFile section */
		36FEA55896DFD89D93CF37BD /* Pods_flixster.framework in Frameworks */ = {isa = PBXBuildFile; fileRef = B7B80C639E4ED8FC73F66D64 /* Pods_flixster.framework */; };
		4E5052A2250C399D0043C2BA /* AppDelegate.swift in Sources */ = {isa = PBXBuildFile; fileRef = 4E5052A1250C399D0043C2BA /* AppDelegate.swift */; };
		4E5052A4250C399D0043C2BA /* SceneDelegate.swift in Sources */ = {isa = PBXBuildFile; fileRef = 4E5052A3250C399D0043C2BA /* SceneDelegate.swift */; };
		4E5052A9250C399D0043C2BA /* Main.storyboard in Resources */ = {isa = PBXBuildFile; fileRef = 4E5052A7250C399D0043C2BA /* Main.storyboard */; };
		4E5052AB250C399E0043C2BA /* Assets.xcassets in Resources */ = {isa = PBXBuildFile; fileRef = 4E5052AA250C399E0043C2BA /* Assets.xcassets */; };
		4E5052AE250C399E0043C2BA /* LaunchScreen.storyboard in Resources */ = {isa = PBXBuildFile; fileRef = 4E5052AC250C399E0043C2BA /* LaunchScreen.storyboard */; };
		4E5052B9250C399F0043C2BA /* flixsterTests.swift in Sources */ = {isa = PBXBuildFile; fileRef = 4E5052B8250C399F0043C2BA /* flixsterTests.swift */; };
		4E5052C4250C399F0043C2BA /* flixsterUITests.swift in Sources */ = {isa = PBXBuildFile; fileRef = 4E5052C3250C399F0043C2BA /* flixsterUITests.swift */; };
		4E5052D2250C3B7E0043C2BA /* MoviesViewController.swift in Sources */ = {isa = PBXBuildFile; fileRef = 4E5052D1250C3B7E0043C2BA /* MoviesViewController.swift */; };
		4E5052D4250C44FC0043C2BA /* MovieCell.swift in Sources */ = {isa = PBXBuildFile; fileRef = 4E5052D3250C44FC0043C2BA /* MovieCell.swift */; };
		4EA0621325171BF900CC0C19 /* MovieDetailsViewController.swift in Sources */ = {isa = PBXBuildFile; fileRef = 4EA0621225171BF900CC0C19 /* MovieDetailsViewController.swift */; };
		4EF168FB25183890004470A8 /* MovieGridViewController.swift in Sources */ = {isa = PBXBuildFile; fileRef = 4EF168FA25183890004470A8 /* MovieGridViewController.swift */; };
		4EF168FD25183C95004470A8 /* MovieGridCell.swift in Sources */ = {isa = PBXBuildFile; fileRef = 4EF168FC25183C95004470A8 /* MovieGridCell.swift */; };
		57EB98E5506367EDBF13867D /* Pods_flixsterTests.framework in Frameworks */ = {isa = PBXBuildFile; fileRef = 2142B7E736B124B80F7582A9 /* Pods_flixsterTests.framework */; };
		B08171EBB0F0830E339C469E /* Pods_flixster_flixsterUITests.framework in Frameworks */ = {isa = PBXBuildFile; fileRef = 5D55CD21136299AD298DD776 /* Pods_flixster_flixsterUITests.framework */; };
/* End PBXBuildFile section */

/* Begin PBXContainerItemProxy section */
		4E5052B5250C399F0043C2BA /* PBXContainerItemProxy */ = {
			isa = PBXContainerItemProxy;
			containerPortal = 4E505296250C399D0043C2BA /* Project object */;
			proxyType = 1;
			remoteGlobalIDString = 4E50529D250C399D0043C2BA;
			remoteInfo = flixster;
		};
		4E5052C0250C399F0043C2BA /* PBXContainerItemProxy */ = {
			isa = PBXContainerItemProxy;
			containerPortal = 4E505296250C399D0043C2BA /* Project object */;
			proxyType = 1;
			remoteGlobalIDString = 4E50529D250C399D0043C2BA;
			remoteInfo = flixster;
		};
/* End PBXContainerItemProxy section */

/* Begin PBXFileReference section */
		2142B7E736B124B80F7582A9 /* Pods_flixsterTests.framework */ = {isa = PBXFileReference; explicitFileType = wrapper.framework; includeInIndex = 0; path = Pods_flixsterTests.framework; sourceTree = BUILT_PRODUCTS_DIR; };
		3AD18794E0A1355C87D4DC78 /* Pods-flixster.release.xcconfig */ = {isa = PBXFileReference; includeInIndex = 1; lastKnownFileType = text.xcconfig; name = "Pods-flixster.release.xcconfig"; path = "Target Support Files/Pods-flixster/Pods-flixster.release.xcconfig"; sourceTree = "<group>"; };
		46B6F430AF2186CF599CC7A2 /* Pods-flixster-flixsterUITests.release.xcconfig */ = {isa = PBXFileReference; includeInIndex = 1; lastKnownFileType = text.xcconfig; name = "Pods-flixster-flixsterUITests.release.xcconfig"; path = "Target Support Files/Pods-flixster-flixsterUITests/Pods-flixster-flixsterUITests.release.xcconfig"; sourceTree = "<group>"; };
		4E50529E250C399D0043C2BA /* flixster.app */ = {isa = PBXFileReference; explicitFileType = wrapper.application; includeInIndex = 0; path = flixster.app; sourceTree = BUILT_PRODUCTS_DIR; };
		4E5052A1250C399D0043C2BA /* AppDelegate.swift */ = {isa = PBXFileReference; lastKnownFileType = sourcecode.swift; path = AppDelegate.swift; sourceTree = "<group>"; };
		4E5052A3250C399D0043C2BA /* SceneDelegate.swift */ = {isa = PBXFileReference; lastKnownFileType = sourcecode.swift; path = SceneDelegate.swift; sourceTree = "<group>"; };
		4E5052A8250C399D0043C2BA /* Base */ = {isa = PBXFileReference; lastKnownFileType = file.storyboard; name = Base; path = Base.lproj/Main.storyboard; sourceTree = "<group>"; };
		4E5052AA250C399E0043C2BA /* Assets.xcassets */ = {isa = PBXFileReference; lastKnownFileType = folder.assetcatalog; path = Assets.xcassets; sourceTree = "<group>"; };
		4E5052AD250C399E0043C2BA /* Base */ = {isa = PBXFileReference; lastKnownFileType = file.storyboard; name = Base; path = Base.lproj/LaunchScreen.storyboard; sourceTree = "<group>"; };
		4E5052AF250C399E0043C2BA /* Info.plist */ = {isa = PBXFileReference; lastKnownFileType = text.plist.xml; path = Info.plist; sourceTree = "<group>"; };
		4E5052B4250C399F0043C2BA /* flixsterTests.xctest */ = {isa = PBXFileReference; explicitFileType = wrapper.cfbundle; includeInIndex = 0; path = flixsterTests.xctest; sourceTree = BUILT_PRODUCTS_DIR; };
		4E5052B8250C399F0043C2BA /* flixsterTests.swift */ = {isa = PBXFileReference; lastKnownFileType = sourcecode.swift; path = flixsterTests.swift; sourceTree = "<group>"; };
		4E5052BA250C399F0043C2BA /* Info.plist */ = {isa = PBXFileReference; lastKnownFileType = text.plist.xml; path = Info.plist; sourceTree = "<group>"; };
		4E5052BF250C399F0043C2BA /* flixsterUITests.xctest */ = {isa = PBXFileReference; explicitFileType = wrapper.cfbundle; includeInIndex = 0; path = flixsterUITests.xctest; sourceTree = BUILT_PRODUCTS_DIR; };
		4E5052C3250C399F0043C2BA /* flixsterUITests.swift */ = {isa = PBXFileReference; lastKnownFileType = sourcecode.swift; path = flixsterUITests.swift; sourceTree = "<group>"; };
		4E5052C5250C399F0043C2BA /* Info.plist */ = {isa = PBXFileReference; lastKnownFileType = text.plist.xml; path = Info.plist; sourceTree = "<group>"; };
		4E5052D1250C3B7E0043C2BA /* MoviesViewController.swift */ = {isa = PBXFileReference; lastKnownFileType = sourcecode.swift; path = MoviesViewController.swift; sourceTree = "<group>"; };
		4E5052D3250C44FC0043C2BA /* MovieCell.swift */ = {isa = PBXFileReference; lastKnownFileType = sourcecode.swift; path = MovieCell.swift; sourceTree = "<group>"; };
		4EA0621225171BF900CC0C19 /* MovieDetailsViewController.swift */ = {isa = PBXFileReference; lastKnownFileType = sourcecode.swift; path = MovieDetailsViewController.swift; sourceTree = "<group>"; };
		4EF168FA25183890004470A8 /* MovieGridViewController.swift */ = {isa = PBXFileReference; lastKnownFileType = sourcecode.swift; path = MovieGridViewController.swift; sourceTree = "<group>"; };
		4EF168FC25183C95004470A8 /* MovieGridCell.swift */ = {isa = PBXFileReference; lastKnownFileType = sourcecode.swift; path = MovieGridCell.swift; sourceTree = "<group>"; };
		5D55CD21136299AD298DD776 /* Pods_flixster_flixsterUITests.framework */ = {isa = PBXFileReference; explicitFileType = wrapper.framework; includeInIndex = 0; path = Pods_flixster_flixsterUITests.framework; sourceTree = BUILT_PRODUCTS_DIR; };
		B7B80C639E4ED8FC73F66D64 /* Pods_flixster.framework */ = {isa = PBXFileReference; explicitFileType = wrapper.framework; includeInIndex = 0; path = Pods_flixster.framework; sourceTree = BUILT_PRODUCTS_DIR; };
		C215D5C013E4515890292019 /* Pods-flixster.debug.xcconfig */ = {isa = PBXFileReference; includeInIndex = 1; lastKnownFileType = text.xcconfig; name = "Pods-flixster.debug.xcconfig"; path = "Target Support Files/Pods-flixster/Pods-flixster.debug.xcconfig"; sourceTree = "<group>"; };
		C51BF770CCC0603ACEE63382 /* Pods-flixsterTests.release.xcconfig */ = {isa = PBXFileReference; includeInIndex = 1; lastKnownFileType = text.xcconfig; name = "Pods-flixsterTests.release.xcconfig"; path = "Target Support Files/Pods-flixsterTests/Pods-flixsterTests.release.xcconfig"; sourceTree = "<group>"; };
		D3B0AF9AD248E4F9B5856537 /* Pods-flixster-flixsterUITests.debug.xcconfig */ = {isa = PBXFileReference; includeInIndex = 1; lastKnownFileType = text.xcconfig; name = "Pods-flixster-flixsterUITests.debug.xcconfig"; path = "Target Support Files/Pods-flixster-flixsterUITests/Pods-flixster-flixsterUITests.debug.xcconfig"; sourceTree = "<group>"; };
		E89B2C38D55DCCDADB077C9C /* Pods-flixsterTests.debug.xcconfig */ = {isa = PBXFileReference; includeInIndex = 1; lastKnownFileType = text.xcconfig; name = "Pods-flixsterTests.debug.xcconfig"; path = "Target Support Files/Pods-flixsterTests/Pods-flixsterTests.debug.xcconfig"; sourceTree = "<group>"; };
/* End PBXFileReference section */

/* Begin PBXFrameworksBuildPhase section */
		4E50529B250C399D0043C2BA /* Frameworks */ = {
			isa = PBXFrameworksBuildPhase;
			buildActionMask = 2147483647;
			files = (
				36FEA55896DFD89D93CF37BD /* Pods_flixster.framework in Frameworks */,
			);
			runOnlyForDeploymentPostprocessing = 0;
		};
		4E5052B1250C399F0043C2BA /* Frameworks */ = {
			isa = PBXFrameworksBuildPhase;
			buildActionMask = 2147483647;
			files = (
				57EB98E5506367EDBF13867D /* Pods_flixsterTests.framework in Frameworks */,
			);
			runOnlyForDeploymentPostprocessing = 0;
		};
		4E5052BC250C399F0043C2BA /* Frameworks */ = {
			isa = PBXFrameworksBuildPhase;
			buildActionMask = 2147483647;
			files = (
				B08171EBB0F0830E339C469E /* Pods_flixster_flixsterUITests.framework in Frameworks */,
			);
			runOnlyForDeploymentPostprocessing = 0;
		};
/* End PBXFrameworksBuildPhase section */

/* Begin PBXGroup section */
		43AC619B2962FB26A187E746 /* Frameworks */ = {
			isa = PBXGroup;
			children = (
				B7B80C639E4ED8FC73F66D64 /* Pods_flixster.framework */,
				5D55CD21136299AD298DD776 /* Pods_flixster_flixsterUITests.framework */,
				2142B7E736B124B80F7582A9 /* Pods_flixsterTests.framework */,
			);
			name = Frameworks;
			sourceTree = "<group>";
		};
		4E505295250C399D0043C2BA = {
			isa = PBXGroup;
			children = (
				4E5052A0250C399D0043C2BA /* flixster */,
				4E5052B7250C399F0043C2BA /* flixsterTests */,
				4E5052C2250C399F0043C2BA /* flixsterUITests */,
				4E50529F250C399D0043C2BA /* Products */,
				D1B09B0F02A70B606D01627B /* Pods */,
				43AC619B2962FB26A187E746 /* Frameworks */,
			);
			sourceTree = "<group>";
		};
		4E50529F250C399D0043C2BA /* Products */ = {
			isa = PBXGroup;
			children = (
				4E50529E250C399D0043C2BA /* flixster.app */,
				4E5052B4250C399F0043C2BA /* flixsterTests.xctest */,
				4E5052BF250C399F0043C2BA /* flixsterUITests.xctest */,
			);
			name = Products;
			sourceTree = "<group>";
		};
		4E5052A0250C399D0043C2BA /* flixster */ = {
			isa = PBXGroup;
			children = (
				4E5052A1250C399D0043C2BA /* AppDelegate.swift */,
				4E5052A3250C399D0043C2BA /* SceneDelegate.swift */,
				4E5052A7250C399D0043C2BA /* Main.storyboard */,
				4E5052AA250C399E0043C2BA /* Assets.xcassets */,
				4E5052AC250C399E0043C2BA /* LaunchScreen.storyboard */,
				4E5052AF250C399E0043C2BA /* Info.plist */,
				4E5052D1250C3B7E0043C2BA /* MoviesViewController.swift */,
				4E5052D3250C44FC0043C2BA /* MovieCell.swift */,
				4EA0621225171BF900CC0C19 /* MovieDetailsViewController.swift */,
				4EF168FA25183890004470A8 /* MovieGridViewController.swift */,
				4EF168FC25183C95004470A8 /* MovieGridCell.swift */,
			);
			path = flixster;
			sourceTree = "<group>";
		};
		4E5052B7250C399F0043C2BA /* flixsterTests */ = {
			isa = PBXGroup;
			children = (
				4E5052B8250C399F0043C2BA /* flixsterTests.swift */,
				4E5052BA250C399F0043C2BA /* Info.plist */,
			);
			path = flixsterTests;
			sourceTree = "<group>";
		};
		4E5052C2250C399F0043C2BA /* flixsterUITests */ = {
			isa = PBXGroup;
			children = (
				4E5052C3250C399F0043C2BA /* flixsterUITests.swift */,
				4E5052C5250C399F0043C2BA /* Info.plist */,
			);
			path = flixsterUITests;
			sourceTree = "<group>";
		};
		D1B09B0F02A70B606D01627B /* Pods */ = {
			isa = PBXGroup;
			children = (
				C215D5C013E4515890292019 /* Pods-flixster.debug.xcconfig */,
				3AD18794E0A1355C87D4DC78 /* Pods-flixster.release.xcconfig */,
				D3B0AF9AD248E4F9B5856537 /* Pods-flixster-flixsterUITests.debug.xcconfig */,
				46B6F430AF2186CF599CC7A2 /* Pods-flixster-flixsterUITests.release.xcconfig */,
				E89B2C38D55DCCDADB077C9C /* Pods-flixsterTests.debug.xcconfig */,
				C51BF770CCC0603ACEE63382 /* Pods-flixsterTests.release.xcconfig */,
			);
			path = Pods;
			sourceTree = "<group>";
		};
/* End PBXGroup section */

/* Begin PBXNativeTarget section */
		4E50529D250C399D0043C2BA /* flixster */ = {
			isa = PBXNativeTarget;
			buildConfigurationList = 4E5052C8250C399F0043C2BA /* Build configuration list for PBXNativeTarget "flixster" */;
			buildPhases = (
				42EE9861420881295D4355AA /* [CP] Check Pods Manifest.lock */,
				4E50529A250C399D0043C2BA /* Sources */,
				4E50529B250C399D0043C2BA /* Frameworks */,
				4E50529C250C399D0043C2BA /* Resources */,
				6B34DA29EE27F3E78DA91C47 /* [CP] Embed Pods Frameworks */,
			);
			buildRules = (
			);
			dependencies = (
			);
			name = flixster;
			productName = flixster;
			productReference = 4E50529E250C399D0043C2BA /* flixster.app */;
			productType = "com.apple.product-type.application";
		};
		4E5052B3250C399F0043C2BA /* flixsterTests */ = {
			isa = PBXNativeTarget;
			buildConfigurationList = 4E5052CB250C399F0043C2BA /* Build configuration list for PBXNativeTarget "flixsterTests" */;
			buildPhases = (
				C5B9B73D2D7CC52EECDE97FA /* [CP] Check Pods Manifest.lock */,
				4E5052B0250C399F0043C2BA /* Sources */,
				4E5052B1250C399F0043C2BA /* Frameworks */,
				4E5052B2250C399F0043C2BA /* Resources */,
			);
			buildRules = (
			);
			dependencies = (
				4E5052B6250C399F0043C2BA /* PBXTargetDependency */,
			);
			name = flixsterTests;
			productName = flixsterTests;
			productReference = 4E5052B4250C399F0043C2BA /* flixsterTests.xctest */;
			productType = "com.apple.product-type.bundle.unit-test";
		};
		4E5052BE250C399F0043C2BA /* flixsterUITests */ = {
			isa = PBXNativeTarget;
			buildConfigurationList = 4E5052CE250C399F0043C2BA /* Build configuration list for PBXNativeTarget "flixsterUITests" */;
			buildPhases = (
				53AFF8782AC10B3F2430FB4C /* [CP] Check Pods Manifest.lock */,
				4E5052BB250C399F0043C2BA /* Sources */,
				4E5052BC250C399F0043C2BA /* Frameworks */,
				4E5052BD250C399F0043C2BA /* Resources */,
				2FF5066D489DACA881FD9DBD /* [CP] Embed Pods Frameworks */,
			);
			buildRules = (
			);
			dependencies = (
				4E5052C1250C399F0043C2BA /* PBXTargetDependency */,
			);
			name = flixsterUITests;
			productName = flixsterUITests;
			productReference = 4E5052BF250C399F0043C2BA /* flixsterUITests.xctest */;
			productType = "com.apple.product-type.bundle.ui-testing";
		};
/* End PBXNativeTarget section */

/* Begin PBXProject section */
		4E505296250C399D0043C2BA /* Project object */ = {
			isa = PBXProject;
			attributes = {
				LastSwiftUpdateCheck = 1170;
				LastUpgradeCheck = 1170;
				ORGANIZATIONNAME = "Gary Feng";
				TargetAttributes = {
					4E50529D250C399D0043C2BA = {
						CreatedOnToolsVersion = 11.7;
					};
					4E5052B3250C399F0043C2BA = {
						CreatedOnToolsVersion = 11.7;
						TestTargetID = 4E50529D250C399D0043C2BA;
					};
					4E5052BE250C399F0043C2BA = {
						CreatedOnToolsVersion = 11.7;
						TestTargetID = 4E50529D250C399D0043C2BA;
					};
				};
			};
			buildConfigurationList = 4E505299250C399D0043C2BA /* Build configuration list for PBXProject "flixster" */;
			compatibilityVersion = "Xcode 9.3";
			developmentRegion = en;
			hasScannedForEncodings = 0;
			knownRegions = (
				en,
				Base,
			);
			mainGroup = 4E505295250C399D0043C2BA;
			productRefGroup = 4E50529F250C399D0043C2BA /* Products */;
			projectDirPath = "";
			projectRoot = "";
			targets = (
				4E50529D250C399D0043C2BA /* flixster */,
				4E5052B3250C399F0043C2BA /* flixsterTests */,
				4E5052BE250C399F0043C2BA /* flixsterUITests */,
			);
		};
/* End PBXProject section */

/* Begin PBXResourcesBuildPhase section */
		4E50529C250C399D0043C2BA /* Resources */ = {
			isa = PBXResourcesBuildPhase;
			buildActionMask = 2147483647;
			files = (
				4E5052AE250C399E0043C2BA /* LaunchScreen.storyboard in Resources */,
				4E5052AB250C399E0043C2BA /* Assets.xcassets in Resources */,
				4E5052A9250C399D0043C2BA /* Main.storyboard in Resources */,
			);
			runOnlyForDeploymentPostprocessing = 0;
		};
		4E5052B2250C399F0043C2BA /* Resources */ = {
			isa = PBXResourcesBuildPhase;
			buildActionMask = 2147483647;
			files = (
			);
			runOnlyForDeploymentPostprocessing = 0;
		};
		4E5052BD250C399F0043C2BA /* Resources */ = {
			isa = PBXResourcesBuildPhase;
			buildActionMask = 2147483647;
			files = (
			);
			runOnlyForDeploymentPostprocessing = 0;
		};
/* End PBXResourcesBuildPhase section */

/* Begin PBXShellScriptBuildPhase section */
		2FF5066D489DACA881FD9DBD /* [CP] Embed Pods Frameworks */ = {
			isa = PBXShellScriptBuildPhase;
			buildActionMask = 2147483647;
			files = (
			);
			inputFileListPaths = (
				"${PODS_ROOT}/Target Support Files/Pods-flixster-flixsterUITests/Pods-flixster-flixsterUITests-frameworks-${CONFIGURATION}-input-files.xcfilelist",
			);
			name = "[CP] Embed Pods Frameworks";
			outputFileListPaths = (
				"${PODS_ROOT}/Target Support Files/Pods-flixster-flixsterUITests/Pods-flixster-flixsterUITests-frameworks-${CONFIGURATION}-output-files.xcfilelist",
			);
			runOnlyForDeploymentPostprocessing = 0;
			shellPath = /bin/sh;
			shellScript = "\"${PODS_ROOT}/Target Support Files/Pods-flixster-flixsterUITests/Pods-flixster-flixsterUITests-frameworks.sh\"\n";
			showEnvVarsInLog = 0;
		};
		42EE9861420881295D4355AA /* [CP] Check Pods Manifest.lock */ = {
			isa = PBXShellScriptBuildPhase;
			buildActionMask = 2147483647;
			files = (
			);
			inputFileListPaths = (
			);
			inputPaths = (
				"${PODS_PODFILE_DIR_PATH}/Podfile.lock",
				"${PODS_ROOT}/Manifest.lock",
			);
			name = "[CP] Check Pods Manifest.lock";
			outputFileListPaths = (
			);
			outputPaths = (
				"$(DERIVED_FILE_DIR)/Pods-flixster-checkManifestLockResult.txt",
			);
			runOnlyForDeploymentPostprocessing = 0;
			shellPath = /bin/sh;
			shellScript = "diff \"${PODS_PODFILE_DIR_PATH}/Podfile.lock\" \"${PODS_ROOT}/Manifest.lock\" > /dev/null\nif [ $? != 0 ] ; then\n    # print error to STDERR\n    echo \"error: The sandbox is not in sync with the Podfile.lock. Run 'pod install' or update your CocoaPods installation.\" >&2\n    exit 1\nfi\n# This output is used by Xcode 'outputs' to avoid re-running this script phase.\necho \"SUCCESS\" > \"${SCRIPT_OUTPUT_FILE_0}\"\n";
			showEnvVarsInLog = 0;
		};
		53AFF8782AC10B3F2430FB4C /* [CP] Check Pods Manifest.lock */ = {
			isa = PBXShellScriptBuildPhase;
			buildActionMask = 2147483647;
			files = (
			);
			inputFileListPaths = (
			);
			inputPaths = (
				"${PODS_PODFILE_DIR_PATH}/Podfile.lock",
				"${PODS_ROOT}/Manifest.lock",
			);
			name = "[CP] Check Pods Manifest.lock";
			outputFileListPaths = (
			);
			outputPaths = (
				"$(DERIVED_FILE_DIR)/Pods-flixster-flixsterUITests-checkManifestLockResult.txt",
			);
			runOnlyForDeploymentPostprocessing = 0;
			shellPath = /bin/sh;
			shellScript = "diff \"${PODS_PODFILE_DIR_PATH}/Podfile.lock\" \"${PODS_ROOT}/Manifest.lock\" > /dev/null\nif [ $? != 0 ] ; then\n    # print error to STDERR\n    echo \"error: The sandbox is not in sync with the Podfile.lock. Run 'pod install' or update your CocoaPods installation.\" >&2\n    exit 1\nfi\n# This output is used by Xcode 'outputs' to avoid re-running this script phase.\necho \"SUCCESS\" > \"${SCRIPT_OUTPUT_FILE_0}\"\n";
			showEnvVarsInLog = 0;
		};
		6B34DA29EE27F3E78DA91C47 /* [CP] Embed Pods Frameworks */ = {
			isa = PBXShellScriptBuildPhase;
			buildActionMask = 2147483647;
			files = (
			);
			inputFileListPaths = (
				"${PODS_ROOT}/Target Support Files/Pods-flixster/Pods-flixster-frameworks-${CONFIGURATION}-input-files.xcfilelist",
			);
			name = "[CP] Embed Pods Frameworks";
			outputFileListPaths = (
				"${PODS_ROOT}/Target Support Files/Pods-flixster/Pods-flixster-frameworks-${CONFIGURATION}-output-files.xcfilelist",
			);
			runOnlyForDeploymentPostprocessing = 0;
			shellPath = /bin/sh;
			shellScript = "\"${PODS_ROOT}/Target Support Files/Pods-flixster/Pods-flixster-frameworks.sh\"\n";
			showEnvVarsInLog = 0;
		};
		C5B9B73D2D7CC52EECDE97FA /* [CP] Check Pods Manifest.lock */ = {
			isa = PBXShellScriptBuildPhase;
			buildActionMask = 2147483647;
			files = (
			);
			inputFileListPaths = (
			);
			inputPaths = (
				"${PODS_PODFILE_DIR_PATH}/Podfile.lock",
				"${PODS_ROOT}/Manifest.lock",
			);
			name = "[CP] Check Pods Manifest.lock";
			outputFileListPaths = (
			);
			outputPaths = (
				"$(DERIVED_FILE_DIR)/Pods-flixsterTests-checkManifestLockResult.txt",
			);
			runOnlyForDeploymentPostprocessing = 0;
			shellPath = /bin/sh;
			shellScript = "diff \"${PODS_PODFILE_DIR_PATH}/Podfile.lock\" \"${PODS_ROOT}/Manifest.lock\" > /dev/null\nif [ $? != 0 ] ; then\n    # print error to STDERR\n    echo \"error: The sandbox is not in sync with the Podfile.lock. Run 'pod install' or update your CocoaPods installation.\" >&2\n    exit 1\nfi\n# This output is used by Xcode 'outputs' to avoid re-running this script phase.\necho \"SUCCESS\" > \"${SCRIPT_OUTPUT_FILE_0}\"\n";
			showEnvVarsInLog = 0;
		};
/* End PBXShellScriptBuildPhase section */

/* Begin PBXSourcesBuildPhase section */
		4E50529A250C399D0043C2BA /* Sources */ = {
			isa = PBXSourcesBuildPhase;
			buildActionMask = 2147483647;
			files = (
				4EA0621325171BF900CC0C19 /* MovieDetailsViewController.swift in Sources */,
				4E5052A2250C399D0043C2BA /* AppDelegate.swift in Sources */,
				4E5052A4250C399D0043C2BA /* SceneDelegate.swift in Sources */,
				4E5052D4250C44FC0043C2BA /* MovieCell.swift in Sources */,
				4E5052D2250C3B7E0043C2BA /* MoviesViewController.swift in Sources */,
				4EF168FB25183890004470A8 /* MovieGridViewController.swift in Sources */,
				4EF168FD25183C95004470A8 /* MovieGridCell.swift in Sources */,
			);
			runOnlyForDeploymentPostprocessing = 0;
		};
		4E5052B0250C399F0043C2BA /* Sources */ = {
			isa = PBXSourcesBuildPhase;
			buildActionMask = 2147483647;
			files = (
				4E5052B9250C399F0043C2BA /* flixsterTests.swift in Sources */,
			);
			runOnlyForDeploymentPostprocessing = 0;
		};
		4E5052BB250C399F0043C2BA /* Sources */ = {
			isa = PBXSourcesBuildPhase;
			buildActionMask = 2147483647;
			files = (
				4E5052C4250C399F0043C2BA /* flixsterUITests.swift in Sources */,
			);
			runOnlyForDeploymentPostprocessing = 0;
		};
/* End PBXSourcesBuildPhase section */

/* Begin PBXTargetDependency section */
		4E5052B6250C399F0043C2BA /* PBXTargetDependency */ = {
			isa = PBXTargetDependency;
			target = 4E50529D250C399D0043C2BA /* flixster */;
			targetProxy = 4E5052B5250C399F0043C2BA /* PBXContainerItemProxy */;
		};
		4E5052C1250C399F0043C2BA /* PBXTargetDependency */ = {
			isa = PBXTargetDependency;
			target = 4E50529D250C399D0043C2BA /* flixster */;
			targetProxy = 4E5052C0250C399F0043C2BA /* PBXContainerItemProxy */;
		};
/* End PBXTargetDependency section */

/* Begin PBXVariantGroup section */
		4E5052A7250C399D0043C2BA /* Main.storyboard */ = {
			isa = PBXVariantGroup;
			children = (
				4E5052A8250C399D0043C2BA /* Base */,
			);
			name = Main.storyboard;
			sourceTree = "<group>";
		};
		4E5052AC250C399E0043C2BA /* LaunchScreen.storyboard */ = {
			isa = PBXVariantGroup;
			children = (
				4E5052AD250C399E0043C2BA /* Base */,
			);
			name = LaunchScreen.storyboard;
			sourceTree = "<group>";
		};
/* End PBXVariantGroup section */

/* Begin XCBuildConfiguration section */
		4E5052C6250C399F0043C2BA /* Debug */ = {
			isa = XCBuildConfiguration;
			buildSettings = {
				ALWAYS_SEARCH_USER_PATHS = NO;
				CLANG_ANALYZER_NONNULL = YES;
				CLANG_ANALYZER_NUMBER_OBJECT_CONVERSION = YES_AGGRESSIVE;
				CLANG_CXX_LANGUAGE_STANDARD = "gnu++14";
				CLANG_CXX_LIBRARY = "libc++";
				CLANG_ENABLE_MODULES = YES;
				CLANG_ENABLE_OBJC_ARC = YES;
				CLANG_ENABLE_OBJC_WEAK = YES;
				CLANG_WARN_BLOCK_CAPTURE_AUTORELEASING = YES;
				CLANG_WARN_BOOL_CONVERSION = YES;
				CLANG_WARN_COMMA = YES;
				CLANG_WARN_CONSTANT_CONVERSION = YES;
				CLANG_WARN_DEPRECATED_OBJC_IMPLEMENTATIONS = YES;
				CLANG_WARN_DIRECT_OBJC_ISA_USAGE = YES_ERROR;
				CLANG_WARN_DOCUMENTATION_COMMENTS = YES;
				CLANG_WARN_EMPTY_BODY = YES;
				CLANG_WARN_ENUM_CONVERSION = YES;
				CLANG_WARN_INFINITE_RECURSION = YES;
				CLANG_WARN_INT_CONVERSION = YES;
				CLANG_WARN_NON_LITERAL_NULL_CONVERSION = YES;
				CLANG_WARN_OBJC_IMPLICIT_RETAIN_SELF = YES;
				CLANG_WARN_OBJC_LITERAL_CONVERSION = YES;
				CLANG_WARN_OBJC_ROOT_CLASS = YES_ERROR;
				CLANG_WARN_RANGE_LOOP_ANALYSIS = YES;
				CLANG_WARN_STRICT_PROTOTYPES = YES;
				CLANG_WARN_SUSPICIOUS_MOVE = YES;
				CLANG_WARN_UNGUARDED_AVAILABILITY = YES_AGGRESSIVE;
				CLANG_WARN_UNREACHABLE_CODE = YES;
				CLANG_WARN__DUPLICATE_METHOD_MATCH = YES;
				COPY_PHASE_STRIP = NO;
				DEBUG_INFORMATION_FORMAT = dwarf;
				ENABLE_STRICT_OBJC_MSGSEND = YES;
				ENABLE_TESTABILITY = YES;
				GCC_C_LANGUAGE_STANDARD = gnu11;
				GCC_DYNAMIC_NO_PIC = NO;
				GCC_NO_COMMON_BLOCKS = YES;
				GCC_OPTIMIZATION_LEVEL = 0;
				GCC_PREPROCESSOR_DEFINITIONS = (
					"DEBUG=1",
					"$(inherited)",
				);
				GCC_WARN_64_TO_32_BIT_CONVERSION = YES;
				GCC_WARN_ABOUT_RETURN_TYPE = YES_ERROR;
				GCC_WARN_UNDECLARED_SELECTOR = YES;
				GCC_WARN_UNINITIALIZED_AUTOS = YES_AGGRESSIVE;
				GCC_WARN_UNUSED_FUNCTION = YES;
				GCC_WARN_UNUSED_VARIABLE = YES;
				IPHONEOS_DEPLOYMENT_TARGET = 13.7;
				MTL_ENABLE_DEBUG_INFO = INCLUDE_SOURCE;
				MTL_FAST_MATH = YES;
				ONLY_ACTIVE_ARCH = YES;
				SDKROOT = iphoneos;
				SWIFT_ACTIVE_COMPILATION_CONDITIONS = DEBUG;
				SWIFT_OPTIMIZATION_LEVEL = "-Onone";
			};
			name = Debug;
		};
		4E5052C7250C399F0043C2BA /* Release */ = {
			isa = XCBuildConfiguration;
			buildSettings = {
				ALWAYS_SEARCH_USER_PATHS = NO;
				CLANG_ANALYZER_NONNULL = YES;
				CLANG_ANALYZER_NUMBER_OBJECT_CONVERSION = YES_AGGRESSIVE;
				CLANG_CXX_LANGUAGE_STANDARD = "gnu++14";
				CLANG_CXX_LIBRARY = "libc++";
				CLANG_ENABLE_MODULES = YES;
				CLANG_ENABLE_OBJC_ARC = YES;
				CLANG_ENABLE_OBJC_WEAK = YES;
				CLANG_WARN_BLOCK_CAPTURE_AUTORELEASING = YES;
				CLANG_WARN_BOOL_CONVERSION = YES;
				CLANG_WARN_COMMA = YES;
				CLANG_WARN_CONSTANT_CONVERSION = YES;
				CLANG_WARN_DEPRECATED_OBJC_IMPLEMENTATIONS = YES;
				CLANG_WARN_DIRECT_OBJC_ISA_USAGE = YES_ERROR;
				CLANG_WARN_DOCUMENTATION_COMMENTS = YES;
				CLANG_WARN_EMPTY_BODY = YES;
				CLANG_WARN_ENUM_CONVERSION = YES;
				CLANG_WARN_INFINITE_RECURSION = YES;
				CLANG_WARN_INT_CONVERSION = YES;
				CLANG_WARN_NON_LITERAL_NULL_CONVERSION = YES;
				CLANG_WARN_OBJC_IMPLICIT_RETAIN_SELF = YES;
				CLANG_WARN_OBJC_LITERAL_CONVERSION = YES;
				CLANG_WARN_OBJC_ROOT_CLASS = YES_ERROR;
				CLANG_WARN_RANGE_LOOP_ANALYSIS = YES;
				CLANG_WARN_STRICT_PROTOTYPES = YES;
				CLANG_WARN_SUSPICIOUS_MOVE = YES;
				CLANG_WARN_UNGUARDED_AVAILABILITY = YES_AGGRESSIVE;
				CLANG_WARN_UNREACHABLE_CODE = YES;
				CLANG_WARN__DUPLICATE_METHOD_MATCH = YES;
				COPY_PHASE_STRIP = NO;
				DEBUG_INFORMATION_FORMAT = "dwarf-with-dsym";
				ENABLE_NS_ASSERTIONS = NO;
				ENABLE_STRICT_OBJC_MSGSEND = YES;
				GCC_C_LANGUAGE_STANDARD = gnu11;
				GCC_NO_COMMON_BLOCKS = YES;
				GCC_WARN_64_TO_32_BIT_CONVERSION = YES;
				GCC_WARN_ABOUT_RETURN_TYPE = YES_ERROR;
				GCC_WARN_UNDECLARED_SELECTOR = YES;
				GCC_WARN_UNINITIALIZED_AUTOS = YES_AGGRESSIVE;
				GCC_WARN_UNUSED_FUNCTION = YES;
				GCC_WARN_UNUSED_VARIABLE = YES;
				IPHONEOS_DEPLOYMENT_TARGET = 13.7;
				MTL_ENABLE_DEBUG_INFO = NO;
				MTL_FAST_MATH = YES;
				SDKROOT = iphoneos;
				SWIFT_COMPILATION_MODE = wholemodule;
				SWIFT_OPTIMIZATION_LEVEL = "-O";
				VALIDATE_PRODUCT = YES;
			};
			name = Release;
		};
		4E5052C9250C399F0043C2BA /* Debug */ = {
			isa = XCBuildConfiguration;
			baseConfigurationReference = C215D5C013E4515890292019 /* Pods-flixster.debug.xcconfig */;
			buildSettings = {
				ASSETCATALOG_COMPILER_APPICON_NAME = AppIcon;
				CODE_SIGN_STYLE = Automatic;
				INFOPLIST_FILE = flixster/Info.plist;
				LD_RUNPATH_SEARCH_PATHS = (
					"$(inherited)",
					"@executable_path/Frameworks",
				);
				PRODUCT_BUNDLE_IDENTIFIER = "Gary-Feng.flixster";
				PRODUCT_NAME = "$(TARGET_NAME)";
				SWIFT_VERSION = 5.0;
				TARGETED_DEVICE_FAMILY = "1,2";
			};
			name = Debug;
		};
		4E5052CA250C399F0043C2BA /* Release */ = {
			isa = XCBuildConfiguration;
			baseConfigurationReference = 3AD18794E0A1355C87D4DC78 /* Pods-flixster.release.xcconfig */;
			buildSettings = {
				ASSETCATALOG_COMPILER_APPICON_NAME = AppIcon;
				CODE_SIGN_STYLE = Automatic;
				INFOPLIST_FILE = flixster/Info.plist;
				LD_RUNPATH_SEARCH_PATHS = (
					"$(inherited)",
					"@executable_path/Frameworks",
				);
				PRODUCT_BUNDLE_IDENTIFIER = "Gary-Feng.flixster";
				PRODUCT_NAME = "$(TARGET_NAME)";
				SWIFT_VERSION = 5.0;
				TARGETED_DEVICE_FAMILY = "1,2";
			};
			name = Release;
		};
		4E5052CC250C399F0043C2BA /* Debug */ = {
			isa = XCBuildConfiguration;
			baseConfigurationReference = E89B2C38D55DCCDADB077C9C /* Pods-flixsterTests.debug.xcconfig */;
			buildSettings = {
				ALWAYS_EMBED_SWIFT_STANDARD_LIBRARIES = YES;
				BUNDLE_LOADER = "$(TEST_HOST)";
				CODE_SIGN_STYLE = Automatic;
				INFOPLIST_FILE = flixsterTests/Info.plist;
				IPHONEOS_DEPLOYMENT_TARGET = 13.7;
				LD_RUNPATH_SEARCH_PATHS = (
					"$(inherited)",
					"@executable_path/Frameworks",
					"@loader_path/Frameworks",
				);
				PRODUCT_BUNDLE_IDENTIFIER = "Gary-Feng.flixsterTests";
				PRODUCT_NAME = "$(TARGET_NAME)";
				SWIFT_VERSION = 5.0;
				TARGETED_DEVICE_FAMILY = "1,2";
				TEST_HOST = "$(BUILT_PRODUCTS_DIR)/flixster.app/flixster";
			};
			name = Debug;
		};
		4E5052CD250C399F0043C2BA /* Release */ = {
			isa = XCBuildConfiguration;
			baseConfigurationReference = C51BF770CCC0603ACEE63382 /* Pods-flixsterTests.release.xcconfig */;
			buildSettings = {
				ALWAYS_EMBED_SWIFT_STANDARD_LIBRARIES = YES;
				BUNDLE_LOADER = "$(TEST_HOST)";
				CODE_SIGN_STYLE = Automatic;
				INFOPLIST_FILE = flixsterTests/Info.plist;
				IPHONEOS_DEPLOYMENT_TARGET = 13.7;
				LD_RUNPATH_SEARCH_PATHS = (
					"$(inherited)",
					"@executable_path/Frameworks",
					"@loader_path/Frameworks",
				);
				PRODUCT_BUNDLE_IDENTIFIER = "Gary-Feng.flixsterTests";
				PRODUCT_NAME = "$(TARGET_NAME)";
				SWIFT_VERSION = 5.0;
				TARGETED_DEVICE_FAMILY = "1,2";
				TEST_HOST = "$(BUILT_PRODUCTS_DIR)/flixster.app/flixster";
			};
			name = Release;
		};
		4E5052CF250C399F0043C2BA /* Debug */ = {
			isa = XCBuildConfiguration;
			baseConfigurationReference = D3B0AF9AD248E4F9B5856537 /* Pods-flixster-flixsterUITests.debug.xcconfig */;
			buildSettings = {
				ALWAYS_EMBED_SWIFT_STANDARD_LIBRARIES = YES;
				CODE_SIGN_STYLE = Automatic;
				INFOPLIST_FILE = flixsterUITests/Info.plist;
				LD_RUNPATH_SEARCH_PATHS = (
					"$(inherited)",
					"@executable_path/Frameworks",
					"@loader_path/Frameworks",
				);
				PRODUCT_BUNDLE_IDENTIFIER = "Gary-Feng.flixsterUITests";
				PRODUCT_NAME = "$(TARGET_NAME)";
				SWIFT_VERSION = 5.0;
				TARGETED_DEVICE_FAMILY = "1,2";
				TEST_TARGET_NAME = flixster;
			};
			name = Debug;
		};
		4E5052D0250C399F0043C2BA /* Release */ = {
			isa = XCBuildConfiguration;
			baseConfigurationReference = 46B6F430AF2186CF599CC7A2 /* Pods-flixster-flixsterUITests.release.xcconfig */;
			buildSettings = {
				ALWAYS_EMBED_SWIFT_STANDARD_LIBRARIES = YES;
				CODE_SIGN_STYLE = Automatic;
				INFOPLIST_FILE = flixsterUITests/Info.plist;
				LD_RUNPATH_SEARCH_PATHS = (
					"$(inherited)",
					"@executable_path/Frameworks",
					"@loader_path/Frameworks",
				);
				PRODUCT_BUNDLE_IDENTIFIER = "Gary-Feng.flixsterUITests";
				PRODUCT_NAME = "$(TARGET_NAME)";
				SWIFT_VERSION = 5.0;
				TARGETED_DEVICE_FAMILY = "1,2";
				TEST_TARGET_NAME = flixster;
			};
			name = Release;
		};
/* End XCBuildConfiguration section */

/* Begin XCConfigurationList section */
		4E505299250C399D0043C2BA /* Build configuration list for PBXProject "flixster" */ = {
			isa = XCConfigurationList;
			buildConfigurations = (
				4E5052C6250C399F0043C2BA /* Debug */,
				4E5052C7250C399F0043C2BA /* Release */,
			);
			defaultConfigurationIsVisible = 0;
			defaultConfigurationName = Release;
		};
		4E5052C8250C399F0043C2BA /* Build configuration list for PBXNativeTarget "flixster" */ = {
			isa = XCConfigurationList;
			buildConfigurations = (
				4E5052C9250C399F0043C2BA /* Debug */,
				4E5052CA250C399F0043C2BA /* Release */,
			);
			defaultConfigurationIsVisible = 0;
			defaultConfigurationName = Release;
		};
		4E5052CB250C399F0043C2BA /* Build configuration list for PBXNativeTarget "flixsterTests" */ = {
			isa = XCConfigurationList;
			buildConfigurations = (
				4E5052CC250C399F0043C2BA /* Debug */,
				4E5052CD250C399F0043C2BA /* Release */,
			);
			defaultConfigurationIsVisible = 0;
			defaultConfigurationName = Release;
		};
		4E5052CE250C399F0043C2BA /* Build configuration list for PBXNativeTarget "flixsterUITests" */ = {
			isa = XCConfigurationList;
			buildConfigurations = (
				4E5052CF250C399F0043C2BA /* Debug */,
				4E5052D0250C399F0043C2BA /* Release */,
			);
			defaultConfigurationIsVisible = 0;
			defaultConfigurationName = Release;
		};
/* End XCConfigurationList section */
	};
	rootObject = 4E505296250C399D0043C2BA /* Project object */;
}
